
Microsoft Visual Studio Solution File, Format Version 12.00
# Visual Studio Version 17
VisualStudioVersion = 17.7.34031.279
MinimumVisualStudioVersion = 10.0.40219.1
Project("{9A19103F-16F7-4668-BE54-9A1E7A4F7556}") = "Hospital_reservation_system", "Hospital_reservation_system\Hospital_reservation_system.csproj", "{324879B7-0AB3-4E35-A7D2-0DDABF86BCEC}"
EndProject
Global
	GlobalSection(SolutionConfigurationPlatforms) = preSolution
		Debug|Any CPU = Debug|Any CPU
		Release|Any CPU = Release|Any CPU
	EndGlobalSection
	GlobalSection(ProjectConfigurationPlatforms) = postSolution
		{324879B7-0AB3-4E35-A7D2-0DDABF86BCEC}.Debug|Any CPU.ActiveCfg = Debug|Any CPU
		{324879B7-0AB3-4E35-A7D2-0DDABF86BCEC}.Debug|Any CPU.Build.0 = Debug|Any CPU
		{324879B7-0AB3-4E35-A7D2-0DDABF86BCEC}.Release|Any CPU.ActiveCfg = Release|Any CPU
		{324879B7-0AB3-4E35-A7D2-0DDABF86BCEC}.Release|Any CPU.Build.0 = Release|Any CPU
	EndGlobalSection
	GlobalSection(SolutionProperties) = preSolution
		HideSolutionNode = FALSE
	EndGlobalSection
	GlobalSection(ExtensibilityGlobals) = postSolution
		SolutionGuid = {457CC7D6-9FBC-4AF6-9FAF-DF67B3B1AED1}
	EndGlobalSection
EndGlobal
